// !$*UTF8*$!
{
	archiveVersion = 1;
	classes = {
	};
	objectVersion = 56;
	objects = {

/* Begin PBXBuildFile section */
		F675E1662DA30F76002755D6 /* AppDelegate.swift in Sources */ = {isa = PBXBuildFile; fileRef = F675E1652DA30F76002755D6 /* AppDelegate.swift */; };
		F675E1682DA30F76002755D6 /* SceneDelegate.swift in Sources */ = {isa = PBXBuildFile; fileRef = F675E1672DA30F76002755D6 /* SceneDelegate.swift */; };
		F675E16D2DA30F76002755D6 /* Main.storyboard in Resources */ = {isa = PBXBuildFile; fileRef = F675E16B2DA30F76002755D6 /* Main.storyboard */; };
		F675E1702DA30F76002755D6 /* MazaadyTask.xcdatamodeld in Sources */ = {isa = PBXBuildFile; fileRef = F675E16E2DA30F76002755D6 /* MazaadyTask.xcdatamodeld */; };
		F675E1722DA30F78002755D6 /* Assets.xcassets in Resources */ = {isa = PBXBuildFile; fileRef = F675E1712DA30F78002755D6 /* Assets.xcassets */; };
		F675E1752DA30F78002755D6 /* LaunchScreen.storyboard in Resources */ = {isa = PBXBuildFile; fileRef = F675E1732DA30F78002755D6 /* LaunchScreen.storyboard */; };
		F6C2C3BD2DA43CFF00F49A35 /* ContentView.swift in Sources */ = {isa = PBXBuildFile; fileRef = F6C2C3BC2DA43CFF00F49A35 /* ContentView.swift */; };
		F6C2C3BF2DA43D0400F49A35 /* HomeCV.swift in Sources */ = {isa = PBXBuildFile; fileRef = F6C2C3BE2DA43D0400F49A35 /* HomeCV.swift */; };
		F6C2C3C12DA43D0D00F49A35 /* DynamicFormView.swift in Sources */ = {isa = PBXBuildFile; fileRef = F6C2C3C02DA43D0D00F49A35 /* DynamicFormView.swift */; };
		F6C2C3C52DA43D1400F49A35 /* CategoryDropdown.swift in Sources */ = {isa = PBXBuildFile; fileRef = F6C2C3C32DA43D1400F49A35 /* CategoryDropdown.swift */; };
		F6C2C3C82DA43D3B00F49A35 /* CategoryProperties.swift in Sources */ = {isa = PBXBuildFile; fileRef = F6C2C3C62DA43D3B00F49A35 /* CategoryProperties.swift */; };
		F6C2C3C92DA43D3B00F49A35 /* Category.swift in Sources */ = {isa = PBXBuildFile; fileRef = F6C2C3C72DA43D3B00F49A35 /* Category.swift */; };
		F6EEE4E32DA4494200E3FD43 /* Alamofire in Frameworks */ = {isa = PBXBuildFile; productRef = F6EEE4E22DA4494200E3FD43 /* Alamofire */; };
		F6EEE4E52DA44C9100E3FD43 /* TabbarCV.swift in Sources */ = {isa = PBXBuildFile; fileRef = F6EEE4E42DA44C9100E3FD43 /* TabbarCV.swift */; };
		F6EEE4EA2DA4590200E3FD43 /* NetworkManager.swift in Sources */ = {isa = PBXBuildFile; fileRef = F6EEE4E92DA4590200E3FD43 /* NetworkManager.swift */; };
		F6EEE4EE2DA4598C00E3FD43 /* APIService.swift in Sources */ = {isa = PBXBuildFile; fileRef = F6EEE4ED2DA4598C00E3FD43 /* APIService.swift */; };
		F6EEE4F12DA45A1900E3FD43 /* Request.swift in Sources */ = {isa = PBXBuildFile; fileRef = F6EEE4F02DA45A1900E3FD43 /* Request.swift */; };
		F6EEE4F32DA45A9E00E3FD43 /* Response.swift in Sources */ = {isa = PBXBuildFile; fileRef = F6EEE4F22DA45A9E00E3FD43 /* Response.swift */; };
		F6EEE4FA2DA45B9C00E3FD43 /* CategoryViewModel.swift in Sources */ = {isa = PBXBuildFile; fileRef = F6EEE4F92DA45B9C00E3FD43 /* CategoryViewModel.swift */; };
		F6EEE4FC2DA468EE00E3FD43 /* SearchableDropdown.swift in Sources */ = {isa = PBXBuildFile; fileRef = F6EEE4FB2DA468EE00E3FD43 /* SearchableDropdown.swift */; };
/* End PBXBuildFile section */

/* Begin PBXFileReference section */
		F675E1622DA30F76002755D6 /* MazaadyTask.app */ = {isa = PBXFileReference; explicitFileType = wrapper.application; includeInIndex = 0; path = MazaadyTask.app; sourceTree = BUILT_PRODUCTS_DIR; };
		F675E1652DA30F76002755D6 /* AppDelegate.swift */ = {isa = PBXFileReference; lastKnownFileType = sourcecode.swift; path = AppDelegate.swift; sourceTree = "<group>"; };
		F675E1672DA30F76002755D6 /* SceneDelegate.swift */ = {isa = PBXFileReference; lastKnownFileType = sourcecode.swift; path = SceneDelegate.swift; sourceTree = "<group>"; };
		F675E16C2DA30F76002755D6 /* Base */ = {isa = PBXFileReference; lastKnownFileType = file.storyboard; name = Base; path = Base.lproj/Main.storyboard; sourceTree = "<group>"; };
		F675E16F2DA30F76002755D6 /* MazaadyTask.xcdatamodel */ = {isa = PBXFileReference; lastKnownFileType = wrapper.xcdatamodel; path = MazaadyTask.xcdatamodel; sourceTree = "<group>"; };
		F675E1712DA30F78002755D6 /* Assets.xcassets */ = {isa = PBXFileReference; lastKnownFileType = folder.assetcatalog; path = Assets.xcassets; sourceTree = "<group>"; };
		F675E1742DA30F78002755D6 /* Base */ = {isa = PBXFileReference; lastKnownFileType = file.storyboard; name = Base; path = Base.lproj/LaunchScreen.storyboard; sourceTree = "<group>"; };
		F675E1762DA30F78002755D6 /* Info.plist */ = {isa = PBXFileReference; lastKnownFileType = text.plist.xml; path = Info.plist; sourceTree = "<group>"; };
		F6C2C3BC2DA43CFF00F49A35 /* ContentView.swift */ = {isa = PBXFileReference; fileEncoding = 4; lastKnownFileType = sourcecode.swift; name = ContentView.swift; path = MazaadyTask/View/DynamicForm/ContentView.swift; sourceTree = SOURCE_ROOT; };
		F6C2C3BE2DA43D0400F49A35 /* HomeCV.swift */ = {isa = PBXFileReference; fileEncoding = 4; lastKnownFileType = sourcecode.swift; name = HomeCV.swift; path = MazaadyTask/View/Home/HomeCV.swift; sourceTree = SOURCE_ROOT; };
		F6C2C3C02DA43D0D00F49A35 /* DynamicFormView.swift */ = {isa = PBXFileReference; fileEncoding = 4; lastKnownFileType = sourcecode.swift; name = DynamicFormView.swift; path = MazaadyTask/View/DynamicForm/DynamicFormView.swift; sourceTree = SOURCE_ROOT; };
		F6C2C3C32DA43D1400F49A35 /* CategoryDropdown.swift */ = {isa = PBXFileReference; fileEncoding = 4; lastKnownFileType = sourcecode.swift; name = CategoryDropdown.swift; path = MazaadyTask/View/Category/Ui/CategoryDropdown.swift; sourceTree = SOURCE_ROOT; };
		F6C2C3C62DA43D3B00F49A35 /* CategoryProperties.swift */ = {isa = PBXFileReference; fileEncoding = 4; lastKnownFileType = sourcecode.swift; path = CategoryProperties.swift; sourceTree = "<group>"; };
		F6C2C3C72DA43D3B00F49A35 /* Category.swift */ = {isa = PBXFileReference; fileEncoding = 4; lastKnownFileType = sourcecode.swift; path = Category.swift; sourceTree = "<group>"; };
		F6EEE4E42DA44C9100E3FD43 /* TabbarCV.swift */ = {isa = PBXFileReference; lastKnownFileType = sourcecode.swift; path = TabbarCV.swift; sourceTree = "<group>"; };
		F6EEE4E92DA4590200E3FD43 /* NetworkManager.swift */ = {isa = PBXFileReference; lastKnownFileType = sourcecode.swift; path = NetworkManager.swift; sourceTree = "<group>"; };
		F6EEE4ED2DA4598C00E3FD43 /* APIService.swift */ = {isa = PBXFileReference; lastKnownFileType = sourcecode.swift; path = APIService.swift; sourceTree = "<group>"; };
		F6EEE4F02DA45A1900E3FD43 /* Request.swift */ = {isa = PBXFileReference; lastKnownFileType = sourcecode.swift; path = Request.swift; sourceTree = "<group>"; };
		F6EEE4F22DA45A9E00E3FD43 /* Response.swift */ = {isa = PBXFileReference; lastKnownFileType = sourcecode.swift; path = Response.swift; sourceTree = "<group>"; };
		F6EEE4F92DA45B9C00E3FD43 /* CategoryViewModel.swift */ = {isa = PBXFileReference; lastKnownFileType = sourcecode.swift; path = CategoryViewModel.swift; sourceTree = "<group>"; };
		F6EEE4FB2DA468EE00E3FD43 /* SearchableDropdown.swift */ = {isa = PBXFileReference; lastKnownFileType = sourcecode.swift; path = SearchableDropdown.swift; sourceTree = "<group>"; };
/* End PBXFileReference section */

/* Begin PBXFrameworksBuildPhase section */
		F675E15F2DA30F76002755D6 /* Frameworks */ = {
			isa = PBXFrameworksBuildPhase;
			buildActionMask = 2147483647;
			files = (
				F6EEE4E32DA4494200E3FD43 /* Alamofire in Frameworks */,
			);
			runOnlyForDeploymentPostprocessing = 0;
		};
/* End PBXFrameworksBuildPhase section */

/* Begin PBXGroup section */
		F675E1592DA30F76002755D6 = {
			isa = PBXGroup;
			children = (
				F675E1642DA30F76002755D6 /* MazaadyTask */,
				F675E1632DA30F76002755D6 /* Products */,
			);
			sourceTree = "<group>";
		};
		F675E1632DA30F76002755D6 /* Products */ = {
			isa = PBXGroup;
			children = (
				F675E1622DA30F76002755D6 /* MazaadyTask.app */,
			);
			name = Products;
			sourceTree = "<group>";
		};
		F675E1642DA30F76002755D6 /* MazaadyTask */ = {
			isa = PBXGroup;
			children = (
				F6EEE4EB2DA4594200E3FD43 /* Data */,
				F6C2C3CA2DA43D4300F49A35 /* App */,
				F6C2C3BA2DA43CDA00F49A35 /* View */,
				F675E16B2DA30F76002755D6 /* Main.storyboard */,
				F675E1712DA30F78002755D6 /* Assets.xcassets */,
				F675E1732DA30F78002755D6 /* LaunchScreen.storyboard */,
				F675E1762DA30F78002755D6 /* Info.plist */,
				F675E16E2DA30F76002755D6 /* MazaadyTask.xcdatamodeld */,
			);
			path = MazaadyTask;
			sourceTree = "<group>";
		};
		F6C2C3BA2DA43CDA00F49A35 /* View */ = {
			isa = PBXGroup;
			children = (
				F6EEE4F42DA45B1E00E3FD43 /* Category */,
				F6EEE4E72DA44CB800E3FD43 /* DynamicForm */,
				F6EEE4E42DA44C9100E3FD43 /* TabbarCV.swift */,
				F6EEE4E62DA44CA900E3FD43 /* Home */,
			);
			path = View;
			sourceTree = "<group>";
		};
		F6C2C3CA2DA43D4300F49A35 /* App */ = {
			isa = PBXGroup;
			children = (
				F675E1652DA30F76002755D6 /* AppDelegate.swift */,
				F675E1672DA30F76002755D6 /* SceneDelegate.swift */,
			);
			path = App;
			sourceTree = "<group>";
		};
		F6EEE4E62DA44CA900E3FD43 /* Home */ = {
			isa = PBXGroup;
			children = (
				F6C2C3BE2DA43D0400F49A35 /* HomeCV.swift */,
			);
			path = Home;
			sourceTree = "<group>";
		};
		F6EEE4E72DA44CB800E3FD43 /* DynamicForm */ = {
			isa = PBXGroup;
			children = (
				F6C2C3BC2DA43CFF00F49A35 /* ContentView.swift */,
				F6C2C3C02DA43D0D00F49A35 /* DynamicFormView.swift */,
				F6EEE4FB2DA468EE00E3FD43 /* SearchableDropdown.swift */,
			);
			path = DynamicForm;
			sourceTree = "<group>";
		};
		F6EEE4E82DA458B700E3FD43 /* NetworkManager */ = {
			isa = PBXGroup;
			children = (
				F6EEE4E92DA4590200E3FD43 /* NetworkManager.swift */,
			);
			path = NetworkManager;
			sourceTree = "<group>";
		};
		F6EEE4EB2DA4594200E3FD43 /* Data */ = {
			isa = PBXGroup;
			children = (
				F6EEE4EF2DA459E800E3FD43 /* Protocol */,
				F6EEE4EC2DA4595E00E3FD43 /* RemoteDao */,
				F6EEE4E82DA458B700E3FD43 /* NetworkManager */,
			);
			path = Data;
			sourceTree = "<group>";
		};
		F6EEE4EC2DA4595E00E3FD43 /* RemoteDao */ = {
			isa = PBXGroup;
			children = (
				F6EEE4ED2DA4598C00E3FD43 /* APIService.swift */,
			);
			path = RemoteDao;
			sourceTree = "<group>";
		};
		F6EEE4EF2DA459E800E3FD43 /* Protocol */ = {
			isa = PBXGroup;
			children = (
				F6EEE4F02DA45A1900E3FD43 /* Request.swift */,
				F6EEE4F22DA45A9E00E3FD43 /* Response.swift */,
			);
			path = Protocol;
			sourceTree = "<group>";
		};
		F6EEE4F42DA45B1E00E3FD43 /* Category */ = {
			isa = PBXGroup;
			children = (
				F6EEE4F82DA45B7C00E3FD43 /* ViewModel */,
				F6EEE4F72DA45B6500E3FD43 /* Ui */,
				F6EEE4F52DA45B3600E3FD43 /* Data */,
			);
			path = Category;
			sourceTree = "<group>";
		};
		F6EEE4F52DA45B3600E3FD43 /* Data */ = {
			isa = PBXGroup;
			children = (
				F6EEE4F62DA45B4100E3FD43 /* Response */,
			);
			path = Data;
			sourceTree = "<group>";
		};
		F6EEE4F62DA45B4100E3FD43 /* Response */ = {
			isa = PBXGroup;
			children = (
				F6C2C3C62DA43D3B00F49A35 /* CategoryProperties.swift */,
				F6C2C3C72DA43D3B00F49A35 /* Category.swift */,
			);
			path = Response;
			sourceTree = "<group>";
		};
		F6EEE4F72DA45B6500E3FD43 /* Ui */ = {
			isa = PBXGroup;
			children = (
				F6C2C3C32DA43D1400F49A35 /* CategoryDropdown.swift */,
			);
			path = Ui;
			sourceTree = "<group>";
		};
		F6EEE4F82DA45B7C00E3FD43 /* ViewModel */ = {
			isa = PBXGroup;
			children = (
				F6EEE4F92DA45B9C00E3FD43 /* CategoryViewModel.swift */,
			);
			path = ViewModel;
			sourceTree = "<group>";
		};
/* End PBXGroup section */

/* Begin PBXNativeTarget section */
		F675E1612DA30F76002755D6 /* MazaadyTask */ = {
			isa = PBXNativeTarget;
			buildConfigurationList = F675E1792DA30F78002755D6 /* Build configuration list for PBXNativeTarget "MazaadyTask" */;
			buildPhases = (
				F675E15E2DA30F76002755D6 /* Sources */,
				F675E15F2DA30F76002755D6 /* Frameworks */,
				F675E1602DA30F76002755D6 /* Resources */,
			);
			buildRules = (
			);
			dependencies = (
			);
			name = MazaadyTask;
			packageProductDependencies = (
				F6EEE4E22DA4494200E3FD43 /* Alamofire */,
			);
			productName = MazaadyTask;
			productReference = F675E1622DA30F76002755D6 /* MazaadyTask.app */;
			productType = "com.apple.product-type.application";
		};
/* End PBXNativeTarget section */

/* Begin PBXProject section */
		F675E15A2DA30F76002755D6 /* Project object */ = {
			isa = PBXProject;
			attributes = {
				BuildIndependentTargetsInParallel = 1;
				LastSwiftUpdateCheck = 1420;
				LastUpgradeCheck = 1420;
				TargetAttributes = {
					F675E1612DA30F76002755D6 = {
						CreatedOnToolsVersion = 14.2;
					};
				};
			};
			buildConfigurationList = F675E15D2DA30F76002755D6 /* Build configuration list for PBXProject "MazaadyTask" */;
			compatibilityVersion = "Xcode 14.0";
			developmentRegion = en;
			hasScannedForEncodings = 0;
			knownRegions = (
				en,
				Base,
			);
			mainGroup = F675E1592DA30F76002755D6;
			packageReferences = (
				F6EEE4E12DA4494200E3FD43 /* XCRemoteSwiftPackageReference "Alamofire" */,
			);
			productRefGroup = F675E1632DA30F76002755D6 /* Products */;
			projectDirPath = "";
			projectRoot = "";
			targets = (
				F675E1612DA30F76002755D6 /* MazaadyTask */,
			);
		};
/* End PBXProject section */

/* Begin PBXResourcesBuildPhase section */
		F675E1602DA30F76002755D6 /* Resources */ = {
			isa = PBXResourcesBuildPhase;
			buildActionMask = 2147483647;
			files = (
				F675E1752DA30F78002755D6 /* LaunchScreen.storyboard in Resources */,
				F675E1722DA30F78002755D6 /* Assets.xcassets in Resources */,
				F675E16D2DA30F76002755D6 /* Main.storyboard in Resources */,
			);
			runOnlyForDeploymentPostprocessing = 0;
		};
/* End PBXResourcesBuildPhase section */

/* Begin PBXSourcesBuildPhase section */
		F675E15E2DA30F76002755D6 /* Sources */ = {
			isa = PBXSourcesBuildPhase;
			buildActionMask = 2147483647;
			files = (
				F6EEE4EA2DA4590200E3FD43 /* NetworkManager.swift in Sources */,
				F675E1662DA30F76002755D6 /* AppDelegate.swift in Sources */,
				F6C2C3C92DA43D3B00F49A35 /* Category.swift in Sources */,
				F6EEE4FC2DA468EE00E3FD43 /* SearchableDropdown.swift in Sources */,
				F6C2C3BF2DA43D0400F49A35 /* HomeCV.swift in Sources */,
				F6EEE4F32DA45A9E00E3FD43 /* Response.swift in Sources */,
				F6C2C3C82DA43D3B00F49A35 /* CategoryProperties.swift in Sources */,
				F6C2C3C12DA43D0D00F49A35 /* DynamicFormView.swift in Sources */,
				F675E1702DA30F76002755D6 /* MazaadyTask.xcdatamodeld in Sources */,
				F6C2C3C52DA43D1400F49A35 /* CategoryDropdown.swift in Sources */,
				F6EEE4EE2DA4598C00E3FD43 /* APIService.swift in Sources */,
				F6EEE4E52DA44C9100E3FD43 /* TabbarCV.swift in Sources */,
				F6EEE4FA2DA45B9C00E3FD43 /* CategoryViewModel.swift in Sources */,
				F6EEE4F12DA45A1900E3FD43 /* Request.swift in Sources */,
				F6C2C3BD2DA43CFF00F49A35 /* ContentView.swift in Sources */,
				F675E1682DA30F76002755D6 /* SceneDelegate.swift in Sources */,
			);
			runOnlyForDeploymentPostprocessing = 0;
		};
/* End PBXSourcesBuildPhase section */

/* Begin PBXVariantGroup section */
		F675E16B2DA30F76002755D6 /* Main.storyboard */ = {
			isa = PBXVariantGroup;
			children = (
				F675E16C2DA30F76002755D6 /* Base */,
			);
			name = Main.storyboard;
			sourceTree = "<group>";
		};
		F675E1732DA30F78002755D6 /* LaunchScreen.storyboard */ = {
			isa = PBXVariantGroup;
			children = (
				F675E1742DA30F78002755D6 /* Base */,
			);
			name = LaunchScreen.storyboard;
			sourceTree = "<group>";
		};
/* End PBXVariantGroup section */

/* Begin XCBuildConfiguration section */
		F675E1772DA30F78002755D6 /* Debug */ = {
			isa = XCBuildConfiguration;
			buildSettings = {
				ALWAYS_SEARCH_USER_PATHS = NO;
				CLANG_ANALYZER_NONNULL = YES;
				CLANG_ANALYZER_NUMBER_OBJECT_CONVERSION = YES_AGGRESSIVE;
				CLANG_CXX_LANGUAGE_STANDARD = "gnu++20";
				CLANG_ENABLE_MODULES = YES;
				CLANG_ENABLE_OBJC_ARC = YES;
				CLANG_ENABLE_OBJC_WEAK = YES;
				CLANG_WARN_BLOCK_CAPTURE_AUTORELEASING = YES;
				CLANG_WARN_BOOL_CONVERSION = YES;
				CLANG_WARN_COMMA = YES;
				CLANG_WARN_CONSTANT_CONVERSION = YES;
				CLANG_WARN_DEPRECATED_OBJC_IMPLEMENTATIONS = YES;
				CLANG_WARN_DIRECT_OBJC_ISA_USAGE = YES_ERROR;
				CLANG_WARN_DOCUMENTATION_COMMENTS = YES;
				CLANG_WARN_EMPTY_BODY = YES;
				CLANG_WARN_ENUM_CONVERSION = YES;
				CLANG_WARN_INFINITE_RECURSION = YES;
				CLANG_WARN_INT_CONVERSION = YES;
				CLANG_WARN_NON_LITERAL_NULL_CONVERSION = YES;
				CLANG_WARN_OBJC_IMPLICIT_RETAIN_SELF = YES;
				CLANG_WARN_OBJC_LITERAL_CONVERSION = YES;
				CLANG_WARN_OBJC_ROOT_CLASS = YES_ERROR;
				CLANG_WARN_QUOTED_INCLUDE_IN_FRAMEWORK_HEADER = YES;
				CLANG_WARN_RANGE_LOOP_ANALYSIS = YES;
				CLANG_WARN_STRICT_PROTOTYPES = YES;
				CLANG_WARN_SUSPICIOUS_MOVE = YES;
				CLANG_WARN_UNGUARDED_AVAILABILITY = YES_AGGRESSIVE;
				CLANG_WARN_UNREACHABLE_CODE = YES;
				CLANG_WARN__DUPLICATE_METHOD_MATCH = YES;
				COPY_PHASE_STRIP = NO;
				DEBUG_INFORMATION_FORMAT = dwarf;
				ENABLE_STRICT_OBJC_MSGSEND = YES;
				ENABLE_TESTABILITY = YES;
				GCC_C_LANGUAGE_STANDARD = gnu11;
				GCC_DYNAMIC_NO_PIC = NO;
				GCC_NO_COMMON_BLOCKS = YES;
				GCC_OPTIMIZATION_LEVEL = 0;
				GCC_PREPROCESSOR_DEFINITIONS = (
					"DEBUG=1",
					"$(inherited)",
				);
				GCC_WARN_64_TO_32_BIT_CONVERSION = YES;
				GCC_WARN_ABOUT_RETURN_TYPE = YES_ERROR;
				GCC_WARN_UNDECLARED_SELECTOR = YES;
				GCC_WARN_UNINITIALIZED_AUTOS = YES_AGGRESSIVE;
				GCC_WARN_UNUSED_FUNCTION = YES;
				GCC_WARN_UNUSED_VARIABLE = YES;
				IPHONEOS_DEPLOYMENT_TARGET = 16.2;
				MTL_ENABLE_DEBUG_INFO = INCLUDE_SOURCE;
				MTL_FAST_MATH = YES;
				ONLY_ACTIVE_ARCH = YES;
				SDKROOT = iphoneos;
				SWIFT_ACTIVE_COMPILATION_CONDITIONS = DEBUG;
				SWIFT_OPTIMIZATION_LEVEL = "-Onone";
			};
			name = Debug;
		};
		F675E1782DA30F78002755D6 /* Release */ = {
			isa = XCBuildConfiguration;
			buildSettings = {
				ALWAYS_SEARCH_USER_PATHS = NO;
				CLANG_ANALYZER_NONNULL = YES;
				CLANG_ANALYZER_NUMBER_OBJECT_CONVERSION = YES_AGGRESSIVE;
				CLANG_CXX_LANGUAGE_STANDARD = "gnu++20";
				CLANG_ENABLE_MODULES = YES;
				CLANG_ENABLE_OBJC_ARC = YES;
				CLANG_ENABLE_OBJC_WEAK = YES;
				CLANG_WARN_BLOCK_CAPTURE_AUTORELEASING = YES;
				CLANG_WARN_BOOL_CONVERSION = YES;
				CLANG_WARN_COMMA = YES;
				CLANG_WARN_CONSTANT_CONVERSION = YES;
				CLANG_WARN_DEPRECATED_OBJC_IMPLEMENTATIONS = YES;
				CLANG_WARN_DIRECT_OBJC_ISA_USAGE = YES_ERROR;
				CLANG_WARN_DOCUMENTATION_COMMENTS = YES;
				CLANG_WARN_EMPTY_BODY = YES;
				CLANG_WARN_ENUM_CONVERSION = YES;
				CLANG_WARN_INFINITE_RECURSION = YES;
				CLANG_WARN_INT_CONVERSION = YES;
				CLANG_WARN_NON_LITERAL_NULL_CONVERSION = YES;
				CLANG_WARN_OBJC_IMPLICIT_RETAIN_SELF = YES;
				CLANG_WARN_OBJC_LITERAL_CONVERSION = YES;
				CLANG_WARN_OBJC_ROOT_CLASS = YES_ERROR;
				CLANG_WARN_QUOTED_INCLUDE_IN_FRAMEWORK_HEADER = YES;
				CLANG_WARN_RANGE_LOOP_ANALYSIS = YES;
				CLANG_WARN_STRICT_PROTOTYPES = YES;
				CLANG_WARN_SUSPICIOUS_MOVE = YES;
				CLANG_WARN_UNGUARDED_AVAILABILITY = YES_AGGRESSIVE;
				CLANG_WARN_UNREACHABLE_CODE = YES;
				CLANG_WARN__DUPLICATE_METHOD_MATCH = YES;
				COPY_PHASE_STRIP = NO;
				DEBUG_INFORMATION_FORMAT = "dwarf-with-dsym";
				ENABLE_NS_ASSERTIONS = NO;
				ENABLE_STRICT_OBJC_MSGSEND = YES;
				GCC_C_LANGUAGE_STANDARD = gnu11;
				GCC_NO_COMMON_BLOCKS = YES;
				GCC_WARN_64_TO_32_BIT_CONVERSION = YES;
				GCC_WARN_ABOUT_RETURN_TYPE = YES_ERROR;
				GCC_WARN_UNDECLARED_SELECTOR = YES;
				GCC_WARN_UNINITIALIZED_AUTOS = YES_AGGRESSIVE;
				GCC_WARN_UNUSED_FUNCTION = YES;
				GCC_WARN_UNUSED_VARIABLE = YES;
				IPHONEOS_DEPLOYMENT_TARGET = 16.2;
				MTL_ENABLE_DEBUG_INFO = NO;
				MTL_FAST_MATH = YES;
				SDKROOT = iphoneos;
				SWIFT_COMPILATION_MODE = wholemodule;
				SWIFT_OPTIMIZATION_LEVEL = "-O";
				VALIDATE_PRODUCT = YES;
			};
			name = Release;
		};
		F675E17A2DA30F78002755D6 /* Debug */ = {
			isa = XCBuildConfiguration;
			buildSettings = {
				ASSETCATALOG_COMPILER_APPICON_NAME = AppIcon;
				ASSETCATALOG_COMPILER_GLOBAL_ACCENT_COLOR_NAME = AccentColor;
				CODE_SIGN_STYLE = Automatic;
				CURRENT_PROJECT_VERSION = 1;
				DEVELOPMENT_TEAM = Z436UX6MK6;
				GENERATE_INFOPLIST_FILE = YES;
				INFOPLIST_FILE = MazaadyTask/Info.plist;
				INFOPLIST_KEY_UIApplicationSupportsIndirectInputEvents = YES;
				INFOPLIST_KEY_UILaunchStoryboardName = LaunchScreen;
				INFOPLIST_KEY_UIMainStoryboardFile = Main;
				INFOPLIST_KEY_UISupportedInterfaceOrientations_iPad = "UIInterfaceOrientationPortrait UIInterfaceOrientationPortraitUpsideDown UIInterfaceOrientationLandscapeLeft UIInterfaceOrientationLandscapeRight";
				INFOPLIST_KEY_UISupportedInterfaceOrientations_iPhone = "UIInterfaceOrientationPortrait UIInterfaceOrientationLandscapeLeft UIInterfaceOrientationLandscapeRight";
				LD_RUNPATH_SEARCH_PATHS = (
					"$(inherited)",
					"@executable_path/Frameworks",
				);
				MARKETING_VERSION = 1.0;
				PRODUCT_BUNDLE_IDENTIFIER = com.app.MazaadyTaskSwiftUI.MazaadyTask;
				PRODUCT_NAME = "$(TARGET_NAME)";
				SWIFT_EMIT_LOC_STRINGS = YES;
				SWIFT_VERSION = 5.0;
				TARGETED_DEVICE_FAMILY = "1,2";
			};
			name = Debug;
		};
		F675E17B2DA30F78002755D6 /* Release */ = {
			isa = XCBuildConfiguration;
			buildSettings = {
				ASSETCATALOG_COMPILER_APPICON_NAME = AppIcon;
				ASSETCATALOG_COMPILER_GLOBAL_ACCENT_COLOR_NAME = AccentColor;
				CODE_SIGN_STYLE = Automatic;
				CURRENT_PROJECT_VERSION = 1;
				DEVELOPMENT_TEAM = Z436UX6MK6;
				GENERATE_INFOPLIST_FILE = YES;
				INFOPLIST_FILE = MazaadyTask/Info.plist;
				INFOPLIST_KEY_UIApplicationSupportsIndirectInputEvents = YES;
				INFOPLIST_KEY_UILaunchStoryboardName = LaunchScreen;
				INFOPLIST_KEY_UIMainStoryboardFile = Main;
				INFOPLIST_KEY_UISupportedInterfaceOrientations_iPad = "UIInterfaceOrientationPortrait UIInterfaceOrientationPortraitUpsideDown UIInterfaceOrientationLandscapeLeft UIInterfaceOrientationLandscapeRight";
				INFOPLIST_KEY_UISupportedInterfaceOrientations_iPhone = "UIInterfaceOrientationPortrait UIInterfaceOrientationLandscapeLeft UIInterfaceOrientationLandscapeRight";
				LD_RUNPATH_SEARCH_PATHS = (
					"$(inherited)",
					"@executable_path/Frameworks",
				);
				MARKETING_VERSION = 1.0;
				PRODUCT_BUNDLE_IDENTIFIER = com.app.MazaadyTaskSwiftUI.MazaadyTask;
				PRODUCT_NAME = "$(TARGET_NAME)";
				SWIFT_EMIT_LOC_STRINGS = YES;
				SWIFT_VERSION = 5.0;
				TARGETED_DEVICE_FAMILY = "1,2";
			};
			name = Release;
		};
/* End XCBuildConfiguration section */

/* Begin XCConfigurationList section */
		F675E15D2DA30F76002755D6 /* Build configuration list for PBXProject "MazaadyTask" */ = {
			isa = XCConfigurationList;
			buildConfigurations = (
				F675E1772DA30F78002755D6 /* Debug */,
				F675E1782DA30F78002755D6 /* Release */,
			);
			defaultConfigurationIsVisible = 0;
			defaultConfigurationName = Release;
		};
		F675E1792DA30F78002755D6 /* Build configuration list for PBXNativeTarget "MazaadyTask" */ = {
			isa = XCConfigurationList;
			buildConfigurations = (
				F675E17A2DA30F78002755D6 /* Debug */,
				F675E17B2DA30F78002755D6 /* Release */,
			);
			defaultConfigurationIsVisible = 0;
			defaultConfigurationName = Release;
		};
/* End XCConfigurationList section */

/* Begin XCRemoteSwiftPackageReference section */
		F6EEE4E12DA4494200E3FD43 /* XCRemoteSwiftPackageReference "Alamofire" */ = {
			isa = XCRemoteSwiftPackageReference;
			repositoryURL = "https://github.com/Alamofire/Alamofire.git";
			requirement = {
				kind = upToNextMajorVersion;
				minimumVersion = 5.0.0;
			};
		};
/* End XCRemoteSwiftPackageReference section */

/* Begin XCSwiftPackageProductDependency section */
		F6EEE4E22DA4494200E3FD43 /* Alamofire */ = {
			isa = XCSwiftPackageProductDependency;
			package = F6EEE4E12DA4494200E3FD43 /* XCRemoteSwiftPackageReference "Alamofire" */;
			productName = Alamofire;
		};
/* End XCSwiftPackageProductDependency section */

/* Begin XCVersionGroup section */
		F675E16E2DA30F76002755D6 /* MazaadyTask.xcdatamodeld */ = {
			isa = XCVersionGroup;
			children = (
				F675E16F2DA30F76002755D6 /* MazaadyTask.xcdatamodel */,
			);
			currentVersion = F675E16F2DA30F76002755D6 /* MazaadyTask.xcdatamodel */;
			path = MazaadyTask.xcdatamodeld;
			sourceTree = "<group>";
			versionGroupType = wrapper.xcdatamodel;
		};
/* End XCVersionGroup section */
	};
	rootObject = F675E15A2DA30F76002755D6 /* Project object */;
}
